
Microsoft Visual Studio Solution File, Format Version 12.00
# Visual Studio Version 17
VisualStudioVersion = 17.3.32825.248
MinimumVisualStudioVersion = 10.0.40219.1
Project("{9A19103F-16F7-4668-BE54-9A1E7A4F7556}") = "Restaurant", "Restaurant.csproj", "{47538430-0FE2-4946-9D30-BCADD4732DC4}"
EndProject
Project("{FAE04EC0-301F-11D3-BF4B-00C04F79EFBC}") = "RestaurantTests", "..\RestaurantTests\RestaurantTests.csproj", "{9F930A49-BC33-4460-95F4-7F7922C5751B}"
EndProject
Global
	GlobalSection(SolutionConfigurationPlatforms) = preSolution
		Debug|Any CPU = Debug|Any CPU
		Release|Any CPU = Release|Any CPU
	EndGlobalSection
	GlobalSection(ProjectConfigurationPlatforms) = postSolution
		{47538430-0FE2-4946-9D30-BCADD4732DC4}.Debug|Any CPU.ActiveCfg = Debug|Any CPU
		{47538430-0FE2-4946-9D30-BCADD4732DC4}.Debug|Any CPU.Build.0 = Debug|Any CPU
		{47538430-0FE2-4946-9D30-BCADD4732DC4}.Release|Any CPU.ActiveCfg = Release|Any CPU
		{47538430-0FE2-4946-9D30-BCADD4732DC4}.Release|Any CPU.Build.0 = Release|Any CPU
		{9F930A49-BC33-4460-95F4-7F7922C5751B}.Debug|Any CPU.ActiveCfg = Debug|Any CPU
		{9F930A49-BC33-4460-95F4-7F7922C5751B}.Debug|Any CPU.Build.0 = Debug|Any CPU
		{9F930A49-BC33-4460-95F4-7F7922C5751B}.Release|Any CPU.ActiveCfg = Release|Any CPU
		{9F930A49-BC33-4460-95F4-7F7922C5751B}.Release|Any CPU.Build.0 = Release|Any CPU
	EndGlobalSection
	GlobalSection(SolutionProperties) = preSolution
		HideSolutionNode = FALSE
	EndGlobalSection
	GlobalSection(ExtensibilityGlobals) = postSolution
		SolutionGuid = {E4AE54A2-1165-4557-8142-1C0B63DF20B5}
	EndGlobalSection
EndGlobal
